// !$*UTF8*$!
{
	archiveVersion = 1;
	classes = {
	};
	objectVersion = 50;
	objects = {

/* Begin PBXBuildFile section */
		9B428A5327E0D47E0013589E /* MenuItems.swift in Sources */ = {isa = PBXBuildFile; fileRef = 9B428A5227E0D47E0013589E /* MenuItems.swift */; };
		9B428A5527E0D4B30013589E /* MenuItem.swift in Sources */ = {isa = PBXBuildFile; fileRef = 9B428A5427E0D4B30013589E /* MenuItem.swift */; };
		9B428A5827E0E0430013589E /* URL+Extension.swift in Sources */ = {isa = PBXBuildFile; fileRef = 9B428A5727E0E0430013589E /* URL+Extension.swift */; };
		9B428A5D27E0E79C0013589E /* ItemTableViewController.swift in Sources */ = {isa = PBXBuildFile; fileRef = 9B428A5C27E0E79C0013589E /* ItemTableViewController.swift */; };
		9B5A97D227DFAA8A0084FB0D /* MenuTableViewController.swift in Sources */ = {isa = PBXBuildFile; fileRef = 9B5A97D127DFAA8A0084FB0D /* MenuTableViewController.swift */; };
		9B5A97D427DFCDBE0084FB0D /* CellManager.swift in Sources */ = {isa = PBXBuildFile; fileRef = 9B5A97D327DFCDBE0084FB0D /* CellManager.swift */; };
		9B872ABF27DE651000002B0E /* AppDelegate.swift in Sources */ = {isa = PBXBuildFile; fileRef = 9B872ABE27DE651000002B0E /* AppDelegate.swift */; };
		9B872AC127DE651000002B0E /* SceneDelegate.swift in Sources */ = {isa = PBXBuildFile; fileRef = 9B872AC027DE651000002B0E /* SceneDelegate.swift */; };
		9B872AC627DE651000002B0E /* Main.storyboard in Resources */ = {isa = PBXBuildFile; fileRef = 9B872AC427DE651000002B0E /* Main.storyboard */; };
		9B872AC827DE651100002B0E /* Assets.xcassets in Resources */ = {isa = PBXBuildFile; fileRef = 9B872AC727DE651100002B0E /* Assets.xcassets */; };
		9B872ACB27DE651100002B0E /* LaunchScreen.storyboard in Resources */ = {isa = PBXBuildFile; fileRef = 9B872AC927DE651100002B0E /* LaunchScreen.storyboard */; };
		9B872AD427DE81E200002B0E /* Categories.swift in Sources */ = {isa = PBXBuildFile; fileRef = 9B872AD327DE81E200002B0E /* Categories.swift */; };
		9B872AD727DE82D000002B0E /* NetworkManager.swift in Sources */ = {isa = PBXBuildFile; fileRef = 9B872AD627DE82D000002B0E /* NetworkManager.swift */; };
/* End PBXBuildFile section */

/* Begin PBXFileReference section */
		9B428A5227E0D47E0013589E /* MenuItems.swift */ = {isa = PBXFileReference; lastKnownFileType = sourcecode.swift; path = MenuItems.swift; sourceTree = "<group>"; };
		9B428A5427E0D4B30013589E /* MenuItem.swift */ = {isa = PBXFileReference; lastKnownFileType = sourcecode.swift; path = MenuItem.swift; sourceTree = "<group>"; };
		9B428A5727E0E0430013589E /* URL+Extension.swift */ = {isa = PBXFileReference; lastKnownFileType = sourcecode.swift; path = "URL+Extension.swift"; sourceTree = "<group>"; };
		9B428A5C27E0E79C0013589E /* ItemTableViewController.swift */ = {isa = PBXFileReference; lastKnownFileType = sourcecode.swift; path = ItemTableViewController.swift; sourceTree = "<group>"; };
		9B5A97D127DFAA8A0084FB0D /* MenuTableViewController.swift */ = {isa = PBXFileReference; lastKnownFileType = sourcecode.swift; path = MenuTableViewController.swift; sourceTree = "<group>"; };
		9B5A97D327DFCDBE0084FB0D /* CellManager.swift */ = {isa = PBXFileReference; lastKnownFileType = sourcecode.swift; path = CellManager.swift; sourceTree = "<group>"; };
		9B872ABB27DE651000002B0E /* Restaurant.app */ = {isa = PBXFileReference; explicitFileType = wrapper.application; includeInIndex = 0; path = Restaurant.app; sourceTree = BUILT_PRODUCTS_DIR; };
		9B872ABE27DE651000002B0E /* AppDelegate.swift */ = {isa = PBXFileReference; lastKnownFileType = sourcecode.swift; path = AppDelegate.swift; sourceTree = "<group>"; };
		9B872AC027DE651000002B0E /* SceneDelegate.swift */ = {isa = PBXFileReference; lastKnownFileType = sourcecode.swift; path = SceneDelegate.swift; sourceTree = "<group>"; };
		9B872AC527DE651000002B0E /* Base */ = {isa = PBXFileReference; lastKnownFileType = file.storyboard; name = Base; path = Base.lproj/Main.storyboard; sourceTree = "<group>"; };
		9B872AC727DE651100002B0E /* Assets.xcassets */ = {isa = PBXFileReference; lastKnownFileType = folder.assetcatalog; path = Assets.xcassets; sourceTree = "<group>"; };
		9B872ACA27DE651100002B0E /* Base */ = {isa = PBXFileReference; lastKnownFileType = file.storyboard; name = Base; path = Base.lproj/LaunchScreen.storyboard; sourceTree = "<group>"; };
		9B872ACC27DE651100002B0E /* Info.plist */ = {isa = PBXFileReference; lastKnownFileType = text.plist.xml; path = Info.plist; sourceTree = "<group>"; };
		9B872AD327DE81E200002B0E /* Categories.swift */ = {isa = PBXFileReference; lastKnownFileType = sourcecode.swift; path = Categories.swift; sourceTree = "<group>"; };
		9B872AD627DE82D000002B0E /* NetworkManager.swift */ = {isa = PBXFileReference; lastKnownFileType = sourcecode.swift; path = NetworkManager.swift; sourceTree = "<group>"; };
/* End PBXFileReference section */

/* Begin PBXFrameworksBuildPhase section */
		9B872AB827DE651000002B0E /* Frameworks */ = {
			isa = PBXFrameworksBuildPhase;
			buildActionMask = 2147483647;
			files = (
			);
			runOnlyForDeploymentPostprocessing = 0;
		};
/* End PBXFrameworksBuildPhase section */

/* Begin PBXGroup section */
		9B428A5627E0E0250013589E /* Extensions */ = {
			isa = PBXGroup;
			children = (
				9B428A5727E0E0430013589E /* URL+Extension.swift */,
			);
			path = Extensions;
			sourceTree = "<group>";
		};
		9B428A5927E0E7570013589E /* Controllers */ = {
			isa = PBXGroup;
			children = (
				9B5A97D127DFAA8A0084FB0D /* MenuTableViewController.swift */,
				9B428A5C27E0E79C0013589E /* ItemTableViewController.swift */,
			);
			path = Controllers;
			sourceTree = "<group>";
		};
		9B428A5A27E0E7680013589E /* App */ = {
			isa = PBXGroup;
			children = (
				9B872ABE27DE651000002B0E /* AppDelegate.swift */,
				9B872AC027DE651000002B0E /* SceneDelegate.swift */,
			);
			path = App;
			sourceTree = "<group>";
		};
		9B428A5B27E0E77B0013589E /* Storyboards */ = {
			isa = PBXGroup;
			children = (
				9B872AC927DE651100002B0E /* LaunchScreen.storyboard */,
				9B872AC427DE651000002B0E /* Main.storyboard */,
			);
			path = Storyboards;
			sourceTree = "<group>";
		};
		9B872AB227DE651000002B0E = {
			isa = PBXGroup;
			children = (
				9B872ABD27DE651000002B0E /* Restaurant */,
				9B872ABC27DE651000002B0E /* Products */,
			);
			sourceTree = "<group>";
		};
		9B872ABC27DE651000002B0E /* Products */ = {
			isa = PBXGroup;
			children = (
				9B872ABB27DE651000002B0E /* Restaurant.app */,
			);
			name = Products;
			sourceTree = "<group>";
		};
		9B872ABD27DE651000002B0E /* Restaurant */ = {
			isa = PBXGroup;
			children = (
				9B428A5B27E0E77B0013589E /* Storyboards */,
				9B428A5A27E0E7680013589E /* App */,
				9B428A5927E0E7570013589E /* Controllers */,
				9B428A5627E0E0250013589E /* Extensions */,
				9B872AD527DE82A600002B0E /* Manager */,
				9B872AD227DE81D200002B0E /* Models */,
				9B872AC727DE651100002B0E /* Assets.xcassets */,
				9B872ACC27DE651100002B0E /* Info.plist */,
			);
			path = Restaurant;
			sourceTree = "<group>";
		};
		9B872AD227DE81D200002B0E /* Models */ = {
			isa = PBXGroup;
			children = (
				9B872AD327DE81E200002B0E /* Categories.swift */,
				9B428A5227E0D47E0013589E /* MenuItems.swift */,
				9B428A5427E0D4B30013589E /* MenuItem.swift */,
			);
			path = Models;
			sourceTree = "<group>";
		};
		9B872AD527DE82A600002B0E /* Manager */ = {
			isa = PBXGroup;
			children = (
				9B872AD627DE82D000002B0E /* NetworkManager.swift */,
				9B5A97D327DFCDBE0084FB0D /* CellManager.swift */,
			);
			path = Manager;
			sourceTree = "<group>";
		};
/* End PBXGroup section */

/* Begin PBXNativeTarget section */
		9B872ABA27DE651000002B0E /* Restaurant */ = {
			isa = PBXNativeTarget;
			buildConfigurationList = 9B872ACF27DE651100002B0E /* Build configuration list for PBXNativeTarget "Restaurant" */;
			buildPhases = (
				9B872AB727DE651000002B0E /* Sources */,
				9B872AB827DE651000002B0E /* Frameworks */,
				9B872AB927DE651000002B0E /* Resources */,
			);
			buildRules = (
			);
			dependencies = (
			);
			name = Restaurant;
			productName = Restaurant;
			productReference = 9B872ABB27DE651000002B0E /* Restaurant.app */;
			productType = "com.apple.product-type.application";
		};
/* End PBXNativeTarget section */

/* Begin PBXProject section */
		9B872AB327DE651000002B0E /* Project object */ = {
			isa = PBXProject;
			attributes = {
				LastSwiftUpdateCheck = 1250;
				LastUpgradeCheck = 1250;
				TargetAttributes = {
					9B872ABA27DE651000002B0E = {
						CreatedOnToolsVersion = 12.5;
					};
				};
			};
			buildConfigurationList = 9B872AB627DE651000002B0E /* Build configuration list for PBXProject "Restaurant" */;
			compatibilityVersion = "Xcode 9.3";
			developmentRegion = en;
			hasScannedForEncodings = 0;
			knownRegions = (
				en,
				Base,
			);
			mainGroup = 9B872AB227DE651000002B0E;
			productRefGroup = 9B872ABC27DE651000002B0E /* Products */;
			projectDirPath = "";
			projectRoot = "";
			targets = (
				9B872ABA27DE651000002B0E /* Restaurant */,
			);
		};
/* End PBXProject section */

/* Begin PBXResourcesBuildPhase section */
		9B872AB927DE651000002B0E /* Resources */ = {
			isa = PBXResourcesBuildPhase;
			buildActionMask = 2147483647;
			files = (
				9B872ACB27DE651100002B0E /* LaunchScreen.storyboard in Resources */,
				9B872AC827DE651100002B0E /* Assets.xcassets in Resources */,
				9B872AC627DE651000002B0E /* Main.storyboard in Resources */,
			);
			runOnlyForDeploymentPostprocessing = 0;
		};
/* End PBXResourcesBuildPhase section */

/* Begin PBXSourcesBuildPhase section */
		9B872AB727DE651000002B0E /* Sources */ = {
			isa = PBXSourcesBuildPhase;
			buildActionMask = 2147483647;
			files = (
				9B428A5D27E0E79C0013589E /* ItemTableViewController.swift in Sources */,
				9B872AD427DE81E200002B0E /* Categories.swift in Sources */,
				9B5A97D427DFCDBE0084FB0D /* CellManager.swift in Sources */,
				9B872AD727DE82D000002B0E /* NetworkManager.swift in Sources */,
				9B5A97D227DFAA8A0084FB0D /* MenuTableViewController.swift in Sources */,
				9B428A5327E0D47E0013589E /* MenuItems.swift in Sources */,
				9B428A5827E0E0430013589E /* URL+Extension.swift in Sources */,
				9B428A5527E0D4B30013589E /* MenuItem.swift in Sources */,
				9B872ABF27DE651000002B0E /* AppDelegate.swift in Sources */,
				9B872AC127DE651000002B0E /* SceneDelegate.swift in Sources */,
			);
			runOnlyForDeploymentPostprocessing = 0;
		};
/* End PBXSourcesBuildPhase section */

/* Begin PBXVariantGroup section */
		9B872AC427DE651000002B0E /* Main.storyboard */ = {
			isa = PBXVariantGroup;
			children = (
				9B872AC527DE651000002B0E /* Base */,
			);
			name = Main.storyboard;
			sourceTree = "<group>";
		};
		9B872AC927DE651100002B0E /* LaunchScreen.storyboard */ = {
			isa = PBXVariantGroup;
			children = (
				9B872ACA27DE651100002B0E /* Base */,
			);
			name = LaunchScreen.storyboard;
			sourceTree = "<group>";
		};
/* End PBXVariantGroup section */

/* Begin XCBuildConfiguration section */
		9B872ACD27DE651100002B0E /* Debug */ = {
			isa = XCBuildConfiguration;
			buildSettings = {
				ALWAYS_SEARCH_USER_PATHS = NO;
				CLANG_ANALYZER_NONNULL = YES;
				CLANG_ANALYZER_NUMBER_OBJECT_CONVERSION = YES_AGGRESSIVE;
				CLANG_CXX_LANGUAGE_STANDARD = "gnu++14";
				CLANG_CXX_LIBRARY = "libc++";
				CLANG_ENABLE_MODULES = YES;
				CLANG_ENABLE_OBJC_ARC = YES;
				CLANG_ENABLE_OBJC_WEAK = YES;
				CLANG_WARN_BLOCK_CAPTURE_AUTORELEASING = YES;
				CLANG_WARN_BOOL_CONVERSION = YES;
				CLANG_WARN_COMMA = YES;
				CLANG_WARN_CONSTANT_CONVERSION = YES;
				CLANG_WARN_DEPRECATED_OBJC_IMPLEMENTATIONS = YES;
				CLANG_WARN_DIRECT_OBJC_ISA_USAGE = YES_ERROR;
				CLANG_WARN_DOCUMENTATION_COMMENTS = YES;
				CLANG_WARN_EMPTY_BODY = YES;
				CLANG_WARN_ENUM_CONVERSION = YES;
				CLANG_WARN_INFINITE_RECURSION = YES;
				CLANG_WARN_INT_CONVERSION = YES;
				CLANG_WARN_NON_LITERAL_NULL_CONVERSION = YES;
				CLANG_WARN_OBJC_IMPLICIT_RETAIN_SELF = YES;
				CLANG_WARN_OBJC_LITERAL_CONVERSION = YES;
				CLANG_WARN_OBJC_ROOT_CLASS = YES_ERROR;
				CLANG_WARN_QUOTED_INCLUDE_IN_FRAMEWORK_HEADER = YES;
				CLANG_WARN_RANGE_LOOP_ANALYSIS = YES;
				CLANG_WARN_STRICT_PROTOTYPES = YES;
				CLANG_WARN_SUSPICIOUS_MOVE = YES;
				CLANG_WARN_UNGUARDED_AVAILABILITY = YES_AGGRESSIVE;
				CLANG_WARN_UNREACHABLE_CODE = YES;
				CLANG_WARN__DUPLICATE_METHOD_MATCH = YES;
				COPY_PHASE_STRIP = NO;
				DEBUG_INFORMATION_FORMAT = dwarf;
				ENABLE_STRICT_OBJC_MSGSEND = YES;
				ENABLE_TESTABILITY = YES;
				GCC_C_LANGUAGE_STANDARD = gnu11;
				GCC_DYNAMIC_NO_PIC = NO;
				GCC_NO_COMMON_BLOCKS = YES;
				GCC_OPTIMIZATION_LEVEL = 0;
				GCC_PREPROCESSOR_DEFINITIONS = (
					"DEBUG=1",
					"$(inherited)",
				);
				GCC_WARN_64_TO_32_BIT_CONVERSION = YES;
				GCC_WARN_ABOUT_RETURN_TYPE = YES_ERROR;
				GCC_WARN_UNDECLARED_SELECTOR = YES;
				GCC_WARN_UNINITIALIZED_AUTOS = YES_AGGRESSIVE;
				GCC_WARN_UNUSED_FUNCTION = YES;
				GCC_WARN_UNUSED_VARIABLE = YES;
				IPHONEOS_DEPLOYMENT_TARGET = 14.5;
				MTL_ENABLE_DEBUG_INFO = INCLUDE_SOURCE;
				MTL_FAST_MATH = YES;
				ONLY_ACTIVE_ARCH = YES;
				SDKROOT = iphoneos;
				SWIFT_ACTIVE_COMPILATION_CONDITIONS = DEBUG;
				SWIFT_OPTIMIZATION_LEVEL = "-Onone";
			};
			name = Debug;
		};
		9B872ACE27DE651100002B0E /* Release */ = {
			isa = XCBuildConfiguration;
			buildSettings = {
				ALWAYS_SEARCH_USER_PATHS = NO;
				CLANG_ANALYZER_NONNULL = YES;
				CLANG_ANALYZER_NUMBER_OBJECT_CONVERSION = YES_AGGRESSIVE;
				CLANG_CXX_LANGUAGE_STANDARD = "gnu++14";
				CLANG_CXX_LIBRARY = "libc++";
				CLANG_ENABLE_MODULES = YES;
				CLANG_ENABLE_OBJC_ARC = YES;
				CLANG_ENABLE_OBJC_WEAK = YES;
				CLANG_WARN_BLOCK_CAPTURE_AUTORELEASING = YES;
				CLANG_WARN_BOOL_CONVERSION = YES;
				CLANG_WARN_COMMA = YES;
				CLANG_WARN_CONSTANT_CONVERSION = YES;
				CLANG_WARN_DEPRECATED_OBJC_IMPLEMENTATIONS = YES;
				CLANG_WARN_DIRECT_OBJC_ISA_USAGE = YES_ERROR;
				CLANG_WARN_DOCUMENTATION_COMMENTS = YES;
				CLANG_WARN_EMPTY_BODY = YES;
				CLANG_WARN_ENUM_CONVERSION = YES;
				CLANG_WARN_INFINITE_RECURSION = YES;
				CLANG_WARN_INT_CONVERSION = YES;
				CLANG_WARN_NON_LITERAL_NULL_CONVERSION = YES;
				CLANG_WARN_OBJC_IMPLICIT_RETAIN_SELF = YES;
				CLANG_WARN_OBJC_LITERAL_CONVERSION = YES;
				CLANG_WARN_OBJC_ROOT_CLASS = YES_ERROR;
				CLANG_WARN_QUOTED_INCLUDE_IN_FRAMEWORK_HEADER = YES;
				CLANG_WARN_RANGE_LOOP_ANALYSIS = YES;
				CLANG_WARN_STRICT_PROTOTYPES = YES;
				CLANG_WARN_SUSPICIOUS_MOVE = YES;
				CLANG_WARN_UNGUARDED_AVAILABILITY = YES_AGGRESSIVE;
				CLANG_WARN_UNREACHABLE_CODE = YES;
				CLANG_WARN__DUPLICATE_METHOD_MATCH = YES;
				COPY_PHASE_STRIP = NO;
				DEBUG_INFORMATION_FORMAT = "dwarf-with-dsym";
				ENABLE_NS_ASSERTIONS = NO;
				ENABLE_STRICT_OBJC_MSGSEND = YES;
				GCC_C_LANGUAGE_STANDARD = gnu11;
				GCC_NO_COMMON_BLOCKS = YES;
				GCC_WARN_64_TO_32_BIT_CONVERSION = YES;
				GCC_WARN_ABOUT_RETURN_TYPE = YES_ERROR;
				GCC_WARN_UNDECLARED_SELECTOR = YES;
				GCC_WARN_UNINITIALIZED_AUTOS = YES_AGGRESSIVE;
				GCC_WARN_UNUSED_FUNCTION = YES;
				GCC_WARN_UNUSED_VARIABLE = YES;
				IPHONEOS_DEPLOYMENT_TARGET = 14.5;
				MTL_ENABLE_DEBUG_INFO = NO;
				MTL_FAST_MATH = YES;
				SDKROOT = iphoneos;
				SWIFT_COMPILATION_MODE = wholemodule;
				SWIFT_OPTIMIZATION_LEVEL = "-O";
				VALIDATE_PRODUCT = YES;
			};
			name = Release;
		};
		9B872AD027DE651100002B0E /* Debug */ = {
			isa = XCBuildConfiguration;
			buildSettings = {
				ASSETCATALOG_COMPILER_APPICON_NAME = AppIcon;
				ASSETCATALOG_COMPILER_GLOBAL_ACCENT_COLOR_NAME = AccentColor;
				CODE_SIGN_STYLE = Automatic;
				DEVELOPMENT_TEAM = 7AG3H6Y3C5;
				INFOPLIST_FILE = Restaurant/Info.plist;
				LD_RUNPATH_SEARCH_PATHS = (
					"$(inherited)",
					"@executable_path/Frameworks",
				);
				PRODUCT_BUNDLE_IDENTIFIER = RestaurantSharapovaN.Restaurant;
				PRODUCT_NAME = "$(TARGET_NAME)";
				SWIFT_VERSION = 5.0;
				TARGETED_DEVICE_FAMILY = "1,2";
			};
			name = Debug;
		};
		9B872AD127DE651100002B0E /* Release */ = {
			isa = XCBuildConfiguration;
			buildSettings = {
				ASSETCATALOG_COMPILER_APPICON_NAME = AppIcon;
				ASSETCATALOG_COMPILER_GLOBAL_ACCENT_COLOR_NAME = AccentColor;
				CODE_SIGN_STYLE = Automatic;
				DEVELOPMENT_TEAM = 7AG3H6Y3C5;
				INFOPLIST_FILE = Restaurant/Info.plist;
				LD_RUNPATH_SEARCH_PATHS = (
					"$(inherited)",
					"@executable_path/Frameworks",
				);
				PRODUCT_BUNDLE_IDENTIFIER = RestaurantSharapovaN.Restaurant;
				PRODUCT_NAME = "$(TARGET_NAME)";
				SWIFT_VERSION = 5.0;
				TARGETED_DEVICE_FAMILY = "1,2";
			};
			name = Release;
		};
/* End XCBuildConfiguration section */

/* Begin XCConfigurationList section */
		9B872AB627DE651000002B0E /* Build configuration list for PBXProject "Restaurant" */ = {
			isa = XCConfigurationList;
			buildConfigurations = (
				9B872ACD27DE651100002B0E /* Debug */,
				9B872ACE27DE651100002B0E /* Release */,
			);
			defaultConfigurationIsVisible = 0;
			defaultConfigurationName = Release;
		};
		9B872ACF27DE651100002B0E /* Build configuration list for PBXNativeTarget "Restaurant" */ = {
			isa = XCConfigurationList;
			buildConfigurations = (
				9B872AD027DE651100002B0E /* Debug */,
				9B872AD127DE651100002B0E /* Release */,
			);
			defaultConfigurationIsVisible = 0;
			defaultConfigurationName = Release;
		};
/* End XCConfigurationList section */
	};
	rootObject = 9B872AB327DE651000002B0E /* Project object */;
}
